
Microsoft Visual Studio Solution File, Format Version 12.00
# Visual Studio Version 16
VisualStudioVersion = 16.0.29318.209
MinimumVisualStudioVersion = 10.0.40219.1
Project("{FAE04EC0-301F-11D3-BF4B-00C04F79EFBC}") = "Interfaces", "Interfaces\Interfaces.csproj", "{48433297-63FF-472F-8B40-52618E43AB55}"
EndProject
Global
	GlobalSection(SolutionConfigurationPlatforms) = preSolution
		Debug|Any CPU = Debug|Any CPU
		Release|Any CPU = Release|Any CPU
	EndGlobalSection
	GlobalSection(ProjectConfigurationPlatforms) = postSolution
		{48433297-63FF-472F-8B40-52618E43AB55}.Debug|Any CPU.ActiveCfg = Debug|Any CPU
		{48433297-63FF-472F-8B40-52618E43AB55}.Debug|Any CPU.Build.0 = Debug|Any CPU
		{48433297-63FF-472F-8B40-52618E43AB55}.Release|Any CPU.ActiveCfg = Release|Any CPU
		{48433297-63FF-472F-8B40-52618E43AB55}.Release|Any CPU.Build.0 = Release|Any CPU
	EndGlobalSection
	GlobalSection(SolutionProperties) = preSolution
		HideSolutionNode = FALSE
	EndGlobalSection
	GlobalSection(ExtensibilityGlobals) = postSolution
		SolutionGuid = {79F130AE-E82D-4E06-A8F1-04E6B6F97952}
	EndGlobalSection
EndGlobal
